
Microsoft Visual Studio Solution File, Format Version 12.00
# Visual Studio 14
VisualStudioVersion = 14.0.24720.0
MinimumVisualStudioVersion = 10.0.40219.1
Project("{FAE04EC0-301F-11D3-BF4B-00C04F79EFBC}") = "findme", ".\findme\findme.csproj", "{144BFA08-A83F-4AA1-8AFF-F784E787207E}"
EndProject
Global
	GlobalSection(SolutionConfigurationPlatforms) = preSolution
		Debug|Any CPU = Debug|Any CPU
		Release|Any CPU = Release|Any CPU
	EndGlobalSection
	GlobalSection(ProjectConfigurationPlatforms) = postSolution
		{144BFA08-A83F-4AA1-8AFF-F784E787207E}.Debug|Any CPU.ActiveCfg = Debug|Any CPU
		{144BFA08-A83F-4AA1-8AFF-F784E787207E}.Debug|Any CPU.Build.0 = Debug|Any CPU
		{144BFA08-A83F-4AA1-8AFF-F784E787207E}.Release|Any CPU.ActiveCfg = Release|Any CPU
		{144BFA08-A83F-4AA1-8AFF-F784E787207E}.Release|Any CPU.Build.0 = Release|Any CPU
	EndGlobalSection
	GlobalSection(SolutionProperties) = preSolution
		HideSolutionNode = FALSE
	EndGlobalSection
EndGlobal
